// !$*UTF8*$!
{
	archiveVersion = 1;
	classes = {
	};
	objectVersion = 46;
	objects = {

/* Begin PBXBuildFile section */
		CBD5135313C44A0C00F79296 /* UIKit.framework in Frameworks */ = {isa = PBXBuildFile; fileRef = CBD5135213C44A0C00F79296 /* UIKit.framework */; };
		CBD5135513C44A0C00F79296 /* Foundation.framework in Frameworks */ = {isa = PBXBuildFile; fileRef = CBD5135413C44A0C00F79296 /* Foundation.framework */; };
		CBD5135713C44A0C00F79296 /* CoreGraphics.framework in Frameworks */ = {isa = PBXBuildFile; fileRef = CBD5135613C44A0C00F79296 /* CoreGraphics.framework */; };
		CBD5135D13C44A0C00F79296 /* InfoPlist.strings in Resources */ = {isa = PBXBuildFile; fileRef = CBD5135B13C44A0C00F79296 /* InfoPlist.strings */; };
		CBD5136013C44A0C00F79296 /* main.m in Sources */ = {isa = PBXBuildFile; fileRef = CBD5135F13C44A0C00F79296 /* main.m */; };
		CBD5136313C44A0C00F79296 /* FormTableAppDelegate.m in Sources */ = {isa = PBXBuildFile; fileRef = CBD5136213C44A0C00F79296 /* FormTableAppDelegate.m */; };
		CBD5136613C44A0C00F79296 /* MainWindow.xib in Resources */ = {isa = PBXBuildFile; fileRef = CBD5136413C44A0C00F79296 /* MainWindow.xib */; };
/* End PBXBuildFile section */

/* Begin PBXFileReference section */
		CBD5134E13C44A0C00F79296 /* FormTable.app */ = {isa = PBXFileReference; explicitFileType = wrapper.application; includeInIndex = 0; path = FormTable.app; sourceTree = BUILT_PRODUCTS_DIR; };
		CBD5135213C44A0C00F79296 /* UIKit.framework */ = {isa = PBXFileReference; lastKnownFileType = wrapper.framework; name = UIKit.framework; path = System/Library/Frameworks/UIKit.framework; sourceTree = SDKROOT; };
		CBD5135413C44A0C00F79296 /* Foundation.framework */ = {isa = PBXFileReference; lastKnownFileType = wrapper.framework; name = Foundation.framework; path = System/Library/Frameworks/Foundation.framework; sourceTree = SDKROOT; };
		CBD5135613C44A0C00F79296 /* CoreGraphics.framework */ = {isa = PBXFileReference; lastKnownFileType = wrapper.framework; name = CoreGraphics.framework; path = System/Library/Frameworks/CoreGraphics.framework; sourceTree = SDKROOT; };
		CBD5135A13C44A0C00F79296 /* FormTable-Info.plist */ = {isa = PBXFileReference; path = "FormTable-Info.plist"; sourceTree = "<group>"; };
		CBD5135C13C44A0C00F79296 /* en */ = {isa = PBXFileReference; lastKnownFileType = text.plist.strings; name = en; path = en.lproj/InfoPlist.strings; sourceTree = "<group>"; };
		CBD5135E13C44A0C00F79296 /* FormTable-Prefix.pch */ = {isa = PBXFileReference; path = "FormTable-Prefix.pch"; sourceTree = "<group>"; };
		CBD5135F13C44A0C00F79296 /* main.m */ = {isa = PBXFileReference; lastKnownFileType = sourcecode.c.objc; path = main.m; sourceTree = "<group>"; };
		CBD5136113C44A0C00F79296 /* FormTableAppDelegate.h */ = {isa = PBXFileReference; path = FormTableAppDelegate.h; sourceTree = "<group>"; };
		CBD5136213C44A0C00F79296 /* FormTableAppDelegate.m */ = {isa = PBXFileReference; lastKnownFileType = sourcecode.c.objc; path = FormTableAppDelegate.m; sourceTree = "<group>"; };
		CBD5136513C44A0C00F79296 /* en */ = {isa = PBXFileReference; lastKnownFileType = file.xib; name = en; path = en.lproj/MainWindow.xib; sourceTree = "<group>"; };
/* End PBXFileReference section */

/* Begin PBXFrameworksBuildPhase section */
		CBD5134B13C44A0C00F79296 /* Frameworks */ = {
			isa = PBXFrameworksBuildPhase;
			buildActionMask = 2147483647;
			files = (
				CBD5135313C44A0C00F79296 /* UIKit.framework in Frameworks */,
				CBD5135513C44A0C00F79296 /* Foundation.framework in Frameworks */,
				CBD5135713C44A0C00F79296 /* CoreGraphics.framework in Frameworks */,
			);
			runOnlyForDeploymentPostprocessing = 0;
		};
/* End PBXFrameworksBuildPhase section */

/* Begin PBXGroup section */
		CBD5134313C44A0C00F79296 = {
			isa = PBXGroup;
			children = (
				CBD5135813C44A0C00F79296 /* FormTable */,
				CBD5135113C44A0C00F79296 /* Frameworks */,
				CBD5134F13C44A0C00F79296 /* Products */,
			);
			sourceTree = "<group>";
		};
		CBD5134F13C44A0C00F79296 /* Products */ = {
			isa = PBXGroup;
			children = (
				CBD5134E13C44A0C00F79296 /* FormTable.app */,
			);
			name = Products;
			sourceTree = "<group>";
		};
		CBD5135113C44A0C00F79296 /* Frameworks */ = {
			isa = PBXGroup;
			children = (
				CBD5135213C44A0C00F79296 /* UIKit.framework */,
				CBD5135413C44A0C00F79296 /* Foundation.framework */,
				CBD5135613C44A0C00F79296 /* CoreGraphics.framework */,
			);
			name = Frameworks;
			sourceTree = "<group>";
		};
		CBD5135813C44A0C00F79296 /* FormTable */ = {
			isa = PBXGroup;
			children = (
				CBD5136113C44A0C00F79296 /* FormTableAppDelegate.h */,
				CBD5136213C44A0C00F79296 /* FormTableAppDelegate.m */,
				CBD5136413C44A0C00F79296 /* MainWindow.xib */,
				CBD5135913C44A0C00F79296 /* Supporting Files */,
			);
			path = FormTable;
			sourceTree = "<group>";
		};
		CBD5135913C44A0C00F79296 /* Supporting Files */ = {
			isa = PBXGroup;
			children = (
				CBD5135A13C44A0C00F79296 /* FormTable-Info.plist */,
				CBD5135B13C44A0C00F79296 /* InfoPlist.strings */,
				CBD5135E13C44A0C00F79296 /* FormTable-Prefix.pch */,
				CBD5135F13C44A0C00F79296 /* main.m */,
			);
			name = "Supporting Files";
			sourceTree = "<group>";
		};
/* End PBXGroup section */

/* Begin PBXNativeTarget section */
		CBD5134D13C44A0C00F79296 /* FormTable */ = {
			isa = PBXNativeTarget;
			buildConfigurationList = CBD5136913C44A0C00F79296 /* Build configuration list for PBXNativeTarget "FormTable" */;
			buildPhases = (
				CBD5134A13C44A0C00F79296 /* Sources */,
				CBD5134B13C44A0C00F79296 /* Frameworks */,
				CBD5134C13C44A0C00F79296 /* Resources */,
			);
			buildRules = (
			);
			dependencies = (
			);
			name = FormTable;
			productName = FormTable;
			productReference = CBD5134E13C44A0C00F79296 /* FormTable.app */;
			productType = "com.apple.product-type.application";
		};
/* End PBXNativeTarget section */

/* Begin PBXProject section */
		CBD5134513C44A0C00F79296 /* Project object */ = {
			isa = PBXProject;
			buildConfigurationList = CBD5134813C44A0C00F79296 /* Build configuration list for PBXProject "FormTable" */;
			compatibilityVersion = "Xcode 3.2";
			developmentRegion = English;
			hasScannedForEncodings = 0;
			knownRegions = (
				en,
			);
			mainGroup = CBD5134313C44A0C00F79296;
			productRefGroup = CBD5134F13C44A0C00F79296 /* Products */;
			projectDirPath = "";
			projectRoot = "";
			targets = (
				CBD5134D13C44A0C00F79296 /* FormTable */,
			);
		};
/* End PBXProject section */

/* Begin PBXResourcesBuildPhase section */
		CBD5134C13C44A0C00F79296 /* Resources */ = {
			isa = PBXResourcesBuildPhase;
			buildActionMask = 2147483647;
			files = (
				CBD5135D13C44A0C00F79296 /* InfoPlist.strings in Resources */,
				CBD5136613C44A0C00F79296 /* MainWindow.xib in Resources */,
			);
			runOnlyForDeploymentPostprocessing = 0;
		};
/* End PBXResourcesBuildPhase section */

/* Begin PBXSourcesBuildPhase section */
		CBD5134A13C44A0C00F79296 /* Sources */ = {
			isa = PBXSourcesBuildPhase;
			buildActionMask = 2147483647;
			files = (
				CBD5136013C44A0C00F79296 /* main.m in Sources */,
				CBD5136313C44A0C00F79296 /* FormTableAppDelegate.m in Sources */,
			);
			runOnlyForDeploymentPostprocessing = 0;
		};
/* End PBXSourcesBuildPhase section */

/* Begin PBXVariantGroup section */
		CBD5135B13C44A0C00F79296 /* InfoPlist.strings */ = {
			isa = PBXVariantGroup;
			children = (
				CBD5135C13C44A0C00F79296 /* en */,
			);
			name = InfoPlist.strings;
			sourceTree = "<group>";
		};
		CBD5136413C44A0C00F79296 /* MainWindow.xib */ = {
			isa = PBXVariantGroup;
			children = (
				CBD5136513C44A0C00F79296 /* en */,
			);
			name = MainWindow.xib;
			sourceTree = "<group>";
		};
/* End PBXVariantGroup section */

/* Begin XCBuildConfiguration section */
		CBD5136713C44A0C00F79296 /* Debug */ = {
			isa = XCBuildConfiguration;
			buildSettings = {
				ARCHS = "$(ARCHS_STANDARD_32_BIT)";
				"CODE_SIGN_IDENTITY[sdk=iphoneos*]" = "iPhone Developer";
				GCC_C_LANGUAGE_STANDARD = gnu99;
				GCC_OPTIMIZATION_LEVEL = 0;
				GCC_PREPROCESSOR_DEFINITIONS = DEBUG;
				GCC_SYMBOLS_PRIVATE_EXTERN = NO;
				GCC_VERSION = com.apple.compilers.llvmgcc42;
				GCC_WARN_ABOUT_RETURN_TYPE = YES;
				GCC_WARN_UNUSED_VARIABLE = YES;
				IPHONEOS_DEPLOYMENT_TARGET = 4.3;
				SDKROOT = iphoneos;
			};
			name = Debug;
		};
		CBD5136813C44A0C00F79296 /* Release */ = {
			isa = XCBuildConfiguration;
			buildSettings = {
				ARCHS = "$(ARCHS_STANDARD_32_BIT)";
				"CODE_SIGN_IDENTITY[sdk=iphoneos*]" = "iPhone Developer";
				GCC_C_LANGUAGE_STANDARD = gnu99;
				GCC_VERSION = com.apple.compilers.llvmgcc42;
				GCC_WARN_ABOUT_RETURN_TYPE = YES;
				GCC_WARN_UNUSED_VARIABLE = YES;
				IPHONEOS_DEPLOYMENT_TARGET = 4.3;
				OTHER_CFLAGS = "-DNS_BLOCK_ASSERTIONS=1";
				SDKROOT = iphoneos;
			};
			name = Release;
		};
		CBD5136A13C44A0C00F79296 /* Debug */ = {
			isa = XCBuildConfiguration;
			buildSettings = {
				ALWAYS_SEARCH_USER_PATHS = NO;
				COPY_PHASE_STRIP = NO;
				GCC_DYNAMIC_NO_PIC = NO;
				GCC_PRECOMPILE_PREFIX_HEADER = YES;
				GCC_PREFIX_HEADER = "FormTable/FormTable-Prefix.pch";
				INFOPLIST_FILE = "FormTable/FormTable-Info.plist";
				PRODUCT_NAME = "$(TARGET_NAME)";
				WRAPPER_EXTENSION = app;
			};
			name = Debug;
		};
		CBD5136B13C44A0C00F79296 /* Release */ = {
			isa = XCBuildConfiguration;
			buildSettings = {
				ALWAYS_SEARCH_USER_PATHS = NO;
				COPY_PHASE_STRIP = YES;
				GCC_PRECOMPILE_PREFIX_HEADER = YES;
				GCC_PREFIX_HEADER = "FormTable/FormTable-Prefix.pch";
				INFOPLIST_FILE = "FormTable/FormTable-Info.plist";
				PRODUCT_NAME = "$(TARGET_NAME)";
				VALIDATE_PRODUCT = YES;
				WRAPPER_EXTENSION = app;
			};
			name = Release;
		};
/* End XCBuildConfiguration section */

/* Begin XCConfigurationList section */
		CBD5134813C44A0C00F79296 /* Build configuration list for PBXProject "FormTable" */ = {
			isa = XCConfigurationList;
			buildConfigurations = (
				CBD5136713C44A0C00F79296 /* Debug */,
				CBD5136813C44A0C00F79296 /* Release */,
			);
			defaultConfigurationIsVisible = 0;
			defaultConfigurationName = Release;
		};
		CBD5136913C44A0C00F79296 /* Build configuration list for PBXNativeTarget "FormTable" */ = {
			isa = XCConfigurationList;
			buildConfigurations = (
				CBD5136A13C44A0C00F79296 /* Debug */,
				CBD5136B13C44A0C00F79296 /* Release */,
			);
			defaultConfigurationIsVisible = 0;
		};
/* End XCConfigurationList section */
	};
	rootObject = CBD5134513C44A0C00F79296 /* Project object */;
}
